
Microsoft Visual Studio Solution File, Format Version 12.00
# Visual Studio 14
VisualStudioVersion = 14.0.25420.1
MinimumVisualStudioVersion = 10.0.40219.1
Project("{FAE04EC0-301F-11D3-BF4B-00C04F79EFBC}") = "Miles", "Miles\Miles.csproj", "{63B7FA97-8619-4EA0-B594-71FBB10481E5}"
EndProject
Project("{FAE04EC0-301F-11D3-BF4B-00C04F79EFBC}") = "Miles.MassTransit", "Miles.MassTransit\Miles.MassTransit.csproj", "{BC322498-9FAA-4258-B728-ED4DE372BFE8}"
EndProject
Project("{FAE04EC0-301F-11D3-BF4B-00C04F79EFBC}") = "Miles.MassTransit.Unity", "Miles.MassTransit.Unity\Miles.MassTransit.Unity.csproj", "{1C316F1C-58EF-4846-9713-D903BACB5FB8}"
EndProject
Project("{FAE04EC0-301F-11D3-BF4B-00C04F79EFBC}") = "Miles.UnitTests", "Miles.UnitTests\Miles.UnitTests.csproj", "{EE2F374E-E0BF-4B08-819B-3E652E57E97F}"
EndProject
Project("{2150E333-8FDC-42A3-9474-1A3956D46DE8}") = "Sample", "Sample", "{29D7CE88-5AC2-47FE-ACB3-4E33F6AB971A}"
EndProject
Project("{FAE04EC0-301F-11D3-BF4B-00C04F79EFBC}") = "Miles.Sample.Domain", "Miles.Sample.Domain\Miles.Sample.Domain.csproj", "{DB495F33-3A5C-479F-9620-089A7A7ABFD2}"
EndProject
Project("{FAE04EC0-301F-11D3-BF4B-00C04F79EFBC}") = "Miles.Sample.Application", "Miles.Sample.Application\Miles.Sample.Application.csproj", "{D0E9E5A3-B55E-4940-89C6-3516F2CB7CDE}"
EndProject
Project("{FAE04EC0-301F-11D3-BF4B-00C04F79EFBC}") = "Miles.Sample.Web", "Miles.Sample.Web\Miles.Sample.Web.csproj", "{558DE8E3-64C8-46B2-8368-C730CE123F48}"
EndProject
Project("{FAE04EC0-301F-11D3-BF4B-00C04F79EFBC}") = "Miles.Sample.Processor", "Miles.Sample.Processor\Miles.Sample.Processor.csproj", "{D4C55BEF-07B7-401B-969A-A6A36F930A7F}"
EndProject
Project("{FAE04EC0-301F-11D3-BF4B-00C04F79EFBC}") = "Miles.Sample.Persistence.EF", "Miles.Sample.Persistence.EF\Miles.Sample.Persistence.EF.csproj", "{4C004035-8464-46D6-93E5-51C5694DF6C1}"
EndProject
Project("{FAE04EC0-301F-11D3-BF4B-00C04F79EFBC}") = "Miles.Sample.Infrastructure.Unity", "Miles.Sample.Infrastructure.Unity\Miles.Sample.Infrastructure.Unity.csproj", "{CCF74EAB-5E6F-4964-B31C-8C76C0A527B7}"
EndProject
Project("{FAE04EC0-301F-11D3-BF4B-00C04F79EFBC}") = "Miles.MassTransit.Hosting", "Miles.MassTransit.Hosting\Miles.MassTransit.Hosting.csproj", "{E64CF85B-5CE8-4914-B765-1DF589B7E515}"
EndProject
Project("{FAE04EC0-301F-11D3-BF4B-00C04F79EFBC}") = "Miles.MassTransit.EntityFramework", "Miles.MassTransit.EntityFramework\Miles.MassTransit.EntityFramework.csproj", "{63849DA1-496A-476A-A861-698D3942C81A}"
EndProject
Project("{FAE04EC0-301F-11D3-BF4B-00C04F79EFBC}") = "Miles.EventStore", "Miles.EventStore\Miles.EventStore.csproj", "{5F8B57B8-59B5-4677-9C20-05E10B3AF50B}"
EndProject
Project("{FAE04EC0-301F-11D3-BF4B-00C04F79EFBC}") = "Miles.EventStore.NewtonsoftJson", "Miles.EventStore.NewtonsoftJson\Miles.EventStore.NewtonsoftJson.csproj", "{C934B03F-3EB9-4E0A-8F84-53223B183916}"
EndProject
Global
	GlobalSection(SolutionConfigurationPlatforms) = preSolution
		Debug|Any CPU = Debug|Any CPU
		Release|Any CPU = Release|Any CPU
	EndGlobalSection
	GlobalSection(ProjectConfigurationPlatforms) = postSolution
		{63B7FA97-8619-4EA0-B594-71FBB10481E5}.Debug|Any CPU.ActiveCfg = Debug|Any CPU
		{63B7FA97-8619-4EA0-B594-71FBB10481E5}.Debug|Any CPU.Build.0 = Debug|Any CPU
		{63B7FA97-8619-4EA0-B594-71FBB10481E5}.Release|Any CPU.ActiveCfg = Release|Any CPU
		{63B7FA97-8619-4EA0-B594-71FBB10481E5}.Release|Any CPU.Build.0 = Release|Any CPU
		{BC322498-9FAA-4258-B728-ED4DE372BFE8}.Debug|Any CPU.ActiveCfg = Debug|Any CPU
		{BC322498-9FAA-4258-B728-ED4DE372BFE8}.Debug|Any CPU.Build.0 = Debug|Any CPU
		{BC322498-9FAA-4258-B728-ED4DE372BFE8}.Release|Any CPU.ActiveCfg = Release|Any CPU
		{BC322498-9FAA-4258-B728-ED4DE372BFE8}.Release|Any CPU.Build.0 = Release|Any CPU
		{1C316F1C-58EF-4846-9713-D903BACB5FB8}.Debug|Any CPU.ActiveCfg = Debug|Any CPU
		{1C316F1C-58EF-4846-9713-D903BACB5FB8}.Debug|Any CPU.Build.0 = Debug|Any CPU
		{1C316F1C-58EF-4846-9713-D903BACB5FB8}.Release|Any CPU.ActiveCfg = Release|Any CPU
		{1C316F1C-58EF-4846-9713-D903BACB5FB8}.Release|Any CPU.Build.0 = Release|Any CPU
		{EE2F374E-E0BF-4B08-819B-3E652E57E97F}.Debug|Any CPU.ActiveCfg = Debug|Any CPU
		{EE2F374E-E0BF-4B08-819B-3E652E57E97F}.Debug|Any CPU.Build.0 = Debug|Any CPU
		{EE2F374E-E0BF-4B08-819B-3E652E57E97F}.Release|Any CPU.ActiveCfg = Release|Any CPU
		{EE2F374E-E0BF-4B08-819B-3E652E57E97F}.Release|Any CPU.Build.0 = Release|Any CPU
		{DB495F33-3A5C-479F-9620-089A7A7ABFD2}.Debug|Any CPU.ActiveCfg = Debug|Any CPU
		{DB495F33-3A5C-479F-9620-089A7A7ABFD2}.Debug|Any CPU.Build.0 = Debug|Any CPU
		{DB495F33-3A5C-479F-9620-089A7A7ABFD2}.Release|Any CPU.ActiveCfg = Release|Any CPU
		{DB495F33-3A5C-479F-9620-089A7A7ABFD2}.Release|Any CPU.Build.0 = Release|Any CPU
		{D0E9E5A3-B55E-4940-89C6-3516F2CB7CDE}.Debug|Any CPU.ActiveCfg = Debug|Any CPU
		{D0E9E5A3-B55E-4940-89C6-3516F2CB7CDE}.Debug|Any CPU.Build.0 = Debug|Any CPU
		{D0E9E5A3-B55E-4940-89C6-3516F2CB7CDE}.Release|Any CPU.ActiveCfg = Release|Any CPU
		{D0E9E5A3-B55E-4940-89C6-3516F2CB7CDE}.Release|Any CPU.Build.0 = Release|Any CPU
		{558DE8E3-64C8-46B2-8368-C730CE123F48}.Debug|Any CPU.ActiveCfg = Debug|Any CPU
		{558DE8E3-64C8-46B2-8368-C730CE123F48}.Debug|Any CPU.Build.0 = Debug|Any CPU
		{558DE8E3-64C8-46B2-8368-C730CE123F48}.Release|Any CPU.ActiveCfg = Release|Any CPU
		{558DE8E3-64C8-46B2-8368-C730CE123F48}.Release|Any CPU.Build.0 = Release|Any CPU
		{D4C55BEF-07B7-401B-969A-A6A36F930A7F}.Debug|Any CPU.ActiveCfg = Debug|Any CPU
		{D4C55BEF-07B7-401B-969A-A6A36F930A7F}.Debug|Any CPU.Build.0 = Debug|Any CPU
		{D4C55BEF-07B7-401B-969A-A6A36F930A7F}.Release|Any CPU.ActiveCfg = Release|Any CPU
		{D4C55BEF-07B7-401B-969A-A6A36F930A7F}.Release|Any CPU.Build.0 = Release|Any CPU
		{4C004035-8464-46D6-93E5-51C5694DF6C1}.Debug|Any CPU.ActiveCfg = Debug|Any CPU
		{4C004035-8464-46D6-93E5-51C5694DF6C1}.Debug|Any CPU.Build.0 = Debug|Any CPU
		{4C004035-8464-46D6-93E5-51C5694DF6C1}.Release|Any CPU.ActiveCfg = Release|Any CPU
		{4C004035-8464-46D6-93E5-51C5694DF6C1}.Release|Any CPU.Build.0 = Release|Any CPU
		{CCF74EAB-5E6F-4964-B31C-8C76C0A527B7}.Debug|Any CPU.ActiveCfg = Debug|Any CPU
		{CCF74EAB-5E6F-4964-B31C-8C76C0A527B7}.Debug|Any CPU.Build.0 = Debug|Any CPU
		{CCF74EAB-5E6F-4964-B31C-8C76C0A527B7}.Release|Any CPU.ActiveCfg = Release|Any CPU
		{CCF74EAB-5E6F-4964-B31C-8C76C0A527B7}.Release|Any CPU.Build.0 = Release|Any CPU
		{E64CF85B-5CE8-4914-B765-1DF589B7E515}.Debug|Any CPU.ActiveCfg = Debug|Any CPU
		{E64CF85B-5CE8-4914-B765-1DF589B7E515}.Debug|Any CPU.Build.0 = Debug|Any CPU
		{E64CF85B-5CE8-4914-B765-1DF589B7E515}.Release|Any CPU.ActiveCfg = Release|Any CPU
		{E64CF85B-5CE8-4914-B765-1DF589B7E515}.Release|Any CPU.Build.0 = Release|Any CPU
		{63849DA1-496A-476A-A861-698D3942C81A}.Debug|Any CPU.ActiveCfg = Debug|Any CPU
		{63849DA1-496A-476A-A861-698D3942C81A}.Debug|Any CPU.Build.0 = Debug|Any CPU
		{63849DA1-496A-476A-A861-698D3942C81A}.Release|Any CPU.ActiveCfg = Release|Any CPU
		{63849DA1-496A-476A-A861-698D3942C81A}.Release|Any CPU.Build.0 = Release|Any CPU
		{5F8B57B8-59B5-4677-9C20-05E10B3AF50B}.Debug|Any CPU.ActiveCfg = Debug|Any CPU
		{5F8B57B8-59B5-4677-9C20-05E10B3AF50B}.Debug|Any CPU.Build.0 = Debug|Any CPU
		{5F8B57B8-59B5-4677-9C20-05E10B3AF50B}.Release|Any CPU.ActiveCfg = Release|Any CPU
		{5F8B57B8-59B5-4677-9C20-05E10B3AF50B}.Release|Any CPU.Build.0 = Release|Any CPU
		{C934B03F-3EB9-4E0A-8F84-53223B183916}.Debug|Any CPU.ActiveCfg = Debug|Any CPU
		{C934B03F-3EB9-4E0A-8F84-53223B183916}.Debug|Any CPU.Build.0 = Debug|Any CPU
		{C934B03F-3EB9-4E0A-8F84-53223B183916}.Release|Any CPU.ActiveCfg = Release|Any CPU
		{C934B03F-3EB9-4E0A-8F84-53223B183916}.Release|Any CPU.Build.0 = Release|Any CPU
	EndGlobalSection
	GlobalSection(SolutionProperties) = preSolution
		HideSolutionNode = FALSE
	EndGlobalSection
	GlobalSection(NestedProjects) = preSolution
		{DB495F33-3A5C-479F-9620-089A7A7ABFD2} = {29D7CE88-5AC2-47FE-ACB3-4E33F6AB971A}
		{D0E9E5A3-B55E-4940-89C6-3516F2CB7CDE} = {29D7CE88-5AC2-47FE-ACB3-4E33F6AB971A}
		{558DE8E3-64C8-46B2-8368-C730CE123F48} = {29D7CE88-5AC2-47FE-ACB3-4E33F6AB971A}
		{D4C55BEF-07B7-401B-969A-A6A36F930A7F} = {29D7CE88-5AC2-47FE-ACB3-4E33F6AB971A}
		{4C004035-8464-46D6-93E5-51C5694DF6C1} = {29D7CE88-5AC2-47FE-ACB3-4E33F6AB971A}
		{CCF74EAB-5E6F-4964-B31C-8C76C0A527B7} = {29D7CE88-5AC2-47FE-ACB3-4E33F6AB971A}
	EndGlobalSection
EndGlobal
